
Microsoft Visual Studio Solution File, Format Version 12.00
# Visual Studio Version 17
VisualStudioVersion = 17.0.32014.148
MinimumVisualStudioVersion = 10.0.40219.1
Project("{9A19103F-16F7-4668-BE54-9A1E7A4F7556}") = "Labs.CHM.Lab1", "Labs.CHM.Lab1\Labs.CHM.Lab1.csproj", "{E018DAE4-1190-46B9-95CD-2C805D240C93}"
EndProject
Project("{9A19103F-16F7-4668-BE54-9A1E7A4F7556}") = "Labs.CHM.Lab2", "Labs.CHM.Lab2\Labs.CHM.Lab2.csproj", "{63EBEBCB-7664-4BBE-AF70-35836C6D0ED6}"
EndProject
Project("{9A19103F-16F7-4668-BE54-9A1E7A4F7556}") = "Labs.CHM.Lab3", "Labs.CHM.Lab3\Labs.CHM.Lab3.csproj", "{6BDE8FC7-90C4-4BE2-8519-2BF3ADB13B14}"
EndProject
Project("{9A19103F-16F7-4668-BE54-9A1E7A4F7556}") = "Labs.CHM.Lab4Vizualizer", "Labs.CHM.Lab4Vizualizer\Labs.CHM.Lab4Vizualizer.csproj", "{4546BF38-FC03-42C9-9E65-C77799E819EC}"
EndProject
Project("{FAE04EC0-301F-11D3-BF4B-00C04F79EFBC}") = "Labs.CHM.Lab5", "Labs.CHM.Lab5\Labs.CHM.Lab5.csproj", "{8C9A3F02-D200-48DF-85DB-DEBF8677774B}"
EndProject
Global
	GlobalSection(SolutionConfigurationPlatforms) = preSolution
		Debug|Any CPU = Debug|Any CPU
		Release|Any CPU = Release|Any CPU
	EndGlobalSection
	GlobalSection(ProjectConfigurationPlatforms) = postSolution
		{E018DAE4-1190-46B9-95CD-2C805D240C93}.Debug|Any CPU.ActiveCfg = Debug|Any CPU
		{E018DAE4-1190-46B9-95CD-2C805D240C93}.Debug|Any CPU.Build.0 = Debug|Any CPU
		{E018DAE4-1190-46B9-95CD-2C805D240C93}.Release|Any CPU.ActiveCfg = Release|Any CPU
		{E018DAE4-1190-46B9-95CD-2C805D240C93}.Release|Any CPU.Build.0 = Release|Any CPU
		{63EBEBCB-7664-4BBE-AF70-35836C6D0ED6}.Debug|Any CPU.ActiveCfg = Debug|Any CPU
		{63EBEBCB-7664-4BBE-AF70-35836C6D0ED6}.Debug|Any CPU.Build.0 = Debug|Any CPU
		{63EBEBCB-7664-4BBE-AF70-35836C6D0ED6}.Release|Any CPU.ActiveCfg = Release|Any CPU
		{63EBEBCB-7664-4BBE-AF70-35836C6D0ED6}.Release|Any CPU.Build.0 = Release|Any CPU
		{6BDE8FC7-90C4-4BE2-8519-2BF3ADB13B14}.Debug|Any CPU.ActiveCfg = Debug|Any CPU
		{6BDE8FC7-90C4-4BE2-8519-2BF3ADB13B14}.Debug|Any CPU.Build.0 = Debug|Any CPU
		{6BDE8FC7-90C4-4BE2-8519-2BF3ADB13B14}.Release|Any CPU.ActiveCfg = Release|Any CPU
		{6BDE8FC7-90C4-4BE2-8519-2BF3ADB13B14}.Release|Any CPU.Build.0 = Release|Any CPU
		{4546BF38-FC03-42C9-9E65-C77799E819EC}.Debug|Any CPU.ActiveCfg = Debug|Any CPU
		{4546BF38-FC03-42C9-9E65-C77799E819EC}.Debug|Any CPU.Build.0 = Debug|Any CPU
		{4546BF38-FC03-42C9-9E65-C77799E819EC}.Release|Any CPU.ActiveCfg = Release|Any CPU
		{4546BF38-FC03-42C9-9E65-C77799E819EC}.Release|Any CPU.Build.0 = Release|Any CPU
		{8C9A3F02-D200-48DF-85DB-DEBF8677774B}.Debug|Any CPU.ActiveCfg = Debug|Any CPU
		{8C9A3F02-D200-48DF-85DB-DEBF8677774B}.Debug|Any CPU.Build.0 = Debug|Any CPU
		{8C9A3F02-D200-48DF-85DB-DEBF8677774B}.Release|Any CPU.ActiveCfg = Release|Any CPU
		{8C9A3F02-D200-48DF-85DB-DEBF8677774B}.Release|Any CPU.Build.0 = Release|Any CPU
	EndGlobalSection
	GlobalSection(SolutionProperties) = preSolution
		HideSolutionNode = FALSE
	EndGlobalSection
	GlobalSection(ExtensibilityGlobals) = postSolution
		SolutionGuid = {3E8DD390-ED0E-4F3F-99E5-FE3054125253}
	EndGlobalSection
EndGlobal
